
Microsoft Visual Studio Solution File, Format Version 12.00
Project("{FAE04EC0-301F-11D3-BF4B-00C04F79EFBC}") = "ParkAPIClient", "ParkAPIClient.csproj", "{0E12A3A6-5AA7-43DB-A574-6D115C12A889}"
EndProject
Global
	GlobalSection(SolutionConfigurationPlatforms) = preSolution
		Debug|Any CPU = Debug|Any CPU
		Release|Any CPU = Release|Any CPU
	EndGlobalSection
	GlobalSection(ProjectConfigurationPlatforms) = postSolution
		{0E12A3A6-5AA7-43DB-A574-6D115C12A889}.Debug|Any CPU.ActiveCfg = Debug|Any CPU
		{0E12A3A6-5AA7-43DB-A574-6D115C12A889}.Debug|Any CPU.Build.0 = Debug|Any CPU
		{0E12A3A6-5AA7-43DB-A574-6D115C12A889}.Release|Any CPU.ActiveCfg = Release|Any CPU
		{0E12A3A6-5AA7-43DB-A574-6D115C12A889}.Release|Any CPU.Build.0 = Release|Any CPU
	EndGlobalSection
EndGlobal
